
Microsoft Visual Studio Solution File, Format Version 12.00
# Visual Studio 15
VisualStudioVersion = 15.0.28307.438
MinimumVisualStudioVersion = 10.0.40219.1
Project("{9A19103F-16F7-4668-BE54-9A1E7A4F7556}") = "PersonalHealthTracker.WebUI", "PersonalHealthTracker\PersonalHealthTracker.WebUI.csproj", "{AECC9D08-637D-45B0-9E28-521588252C24}"
EndProject
Project("{9A19103F-16F7-4668-BE54-9A1E7A4F7556}") = "PersonalHealthTracker.Domain", "PersonalHealthTracker.Model\PersonalHealthTracker.Domain.csproj", "{F73D08E8-DB2C-4B49-9CB3-89B42115AE11}"
EndProject
Project("{FAE04EC0-301F-11D3-BF4B-00C04F79EFBC}") = "PersonalHealthTracker.Data", "PersonalHealthTracker.Data\PersonalHealthTracker.Data.csproj", "{D1875FBB-5771-4F5B-921C-F746A208C6F6}"
EndProject
Global
	GlobalSection(SolutionConfigurationPlatforms) = preSolution
		Debug|Any CPU = Debug|Any CPU
		Release|Any CPU = Release|Any CPU
	EndGlobalSection
	GlobalSection(ProjectConfigurationPlatforms) = postSolution
		{AECC9D08-637D-45B0-9E28-521588252C24}.Debug|Any CPU.ActiveCfg = Debug|Any CPU
		{AECC9D08-637D-45B0-9E28-521588252C24}.Debug|Any CPU.Build.0 = Debug|Any CPU
		{AECC9D08-637D-45B0-9E28-521588252C24}.Release|Any CPU.ActiveCfg = Release|Any CPU
		{AECC9D08-637D-45B0-9E28-521588252C24}.Release|Any CPU.Build.0 = Release|Any CPU
		{F73D08E8-DB2C-4B49-9CB3-89B42115AE11}.Debug|Any CPU.ActiveCfg = Debug|Any CPU
		{F73D08E8-DB2C-4B49-9CB3-89B42115AE11}.Debug|Any CPU.Build.0 = Debug|Any CPU
		{F73D08E8-DB2C-4B49-9CB3-89B42115AE11}.Release|Any CPU.ActiveCfg = Release|Any CPU
		{F73D08E8-DB2C-4B49-9CB3-89B42115AE11}.Release|Any CPU.Build.0 = Release|Any CPU
		{D1875FBB-5771-4F5B-921C-F746A208C6F6}.Debug|Any CPU.ActiveCfg = Debug|Any CPU
		{D1875FBB-5771-4F5B-921C-F746A208C6F6}.Debug|Any CPU.Build.0 = Debug|Any CPU
		{D1875FBB-5771-4F5B-921C-F746A208C6F6}.Release|Any CPU.ActiveCfg = Release|Any CPU
		{D1875FBB-5771-4F5B-921C-F746A208C6F6}.Release|Any CPU.Build.0 = Release|Any CPU
	EndGlobalSection
	GlobalSection(SolutionProperties) = preSolution
		HideSolutionNode = FALSE
	EndGlobalSection
	GlobalSection(ExtensibilityGlobals) = postSolution
		SolutionGuid = {916E8962-AA53-403D-8833-381557F82204}
	EndGlobalSection
EndGlobal
